<?xml version="1.0" encoding="utf-8"?>
<Project ToolsVersion="4.0" xmlns="http://schemas.microsoft.com/developer/msbuild/2003">
  <ItemGroup>
    <Filter Include="Source Files">
      <UniqueIdentifier>{4FC737F1-C7A5-4376-A066-2A32D752A2FF}</UniqueIdentifier>
      <Extensions>cpp;c;cc;cxx;def;odl;idl;hpj;bat;asm;asmx</Extensions>
    </Filter>
    <Filter Include="Header Files">
      <UniqueIdentifier>{93995380-89BD-4b04-88EB-625FBE52EBFB}</UniqueIdentifier>
      <Extensions>h;hh;hpp;hxx;hm;inl;inc;ipp;xsd</Extensions>
    </Filter>
    <Filter Include="Header Files\Config">
      <UniqueIdentifier>{671bf193-3c16-4ad2-b7ac-71a64fa845a4}</UniqueIdentifier>
    </Filter>
    <Filter Include="Source Files\Config">
      <UniqueIdentifier>{4daa6b3d-6965-47a2-88a1-b0cf6a8c928f}</UniqueIdentifier>
    </Filter>
    <Filter Include="Header Files\Config">
      <UniqueIdentifier>{5aafc329-e650-4bf8-97f2-29ba2d2229dd}</UniqueIdentifier>
    </Filter>
    <Filter Include="Header Files\Common">
      <UniqueIdentifier>{b25676c5-7393-40bf-ad38-00762519884f}</UniqueIdentifier>
    </Filter>
  </ItemGroup>
  <ItemGroup>
    <ClInclude Include="pch.h" />
    <ClInclude Include="include\config_legacy.h">
      <Filter>Header Files</Filter>
    </ClInclude>
    <ClInclude Include="include\eos_helpers.h">
      <Filter>Header Files</Filter>
    </ClInclude>
    <ClInclude Include="include\eos_library_helpers.h">
      <Filter>Header Files</Filter>
    </ClInclude>
    <ClInclude Include="include\eos_minimum_includes.h">
      <Filter>Header Files</Filter>
    </ClInclude>
    <ClInclude Include="include\io_helpers.h">
      <Filter>Header Files</Filter>
    </ClInclude>
    <ClInclude Include="include\json.h">
      <Filter>Header Files</Filter>
    </ClInclude>
    <ClInclude Include="include\json_helpers.h">
      <Filter>Header Files</Filter>
    </ClInclude>
    <ClInclude Include="include\logging.h">
      <Filter>Header Files</Filter>
    </ClInclude>
    <ClInclude Include="include\PEW_EOS_Defines.h">
      <Filter>Header Files</Filter>
    </ClInclude>
    <ClInclude Include="include\string_helpers.h">
      <Filter>Header Files</Filter>
    </ClInclude>
    <ClInclude Include="include\Config\ClientCredentials.hpp">
      <Filter>Header Files\Config</Filter>
    </ClInclude>
    <ClInclude Include="include\Config\common.hpp">
      <Filter>Header Files\Config</Filter>
    </ClInclude>
    <ClInclude Include="include\Config\DLLWrapper.h">
      <Filter>Header Files\Config</Filter>
    </ClInclude>
    <ClInclude Include="include\Config\EOSWrapper.h">
      <Filter>Header Files\Config</Filter>
    </ClInclude>
    <ClInclude Include="include\Config\ProductionEnvironments.hpp">
      <Filter>Header Files\Config</Filter>
    </ClInclude>
    <ClInclude Include="include\Config\Serializable.hpp">
      <Filter>Header Files\Config</Filter>
    </ClInclude>
    <ClInclude Include="include\Config\SteamConfig.h">
      <Filter>Header Files\Config</Filter>
    </ClInclude>
    <ClInclude Include="include\Config\Version.hpp">
      <Filter>Header Files\Config</Filter>
    </ClInclude>
    <ClInclude Include="include\Config\ClientCredentials.hpp">
      <Filter>Header Files\Config</Filter>
    </ClInclude>
    <ClInclude Include="include\Config\Config.hpp">
      <Filter>Header Files\Config</Filter>
    </ClInclude>
    <ClInclude Include="include\Config\PlatformConfig.hpp">
      <Filter>Header Files\Config</Filter>
    </ClInclude>
    <ClInclude Include="include\Config\ProductConfig.hpp">
      <Filter>Header Files\Config</Filter>
    </ClInclude>
    <ClInclude Include="include\Config\ProductionEnvironments.hpp">
      <Filter>Header Files\Config</Filter>
    </ClInclude>
    <ClInclude Include="include\Config\SteamConfig.hpp">
      <Filter>Header Files\Config</Filter>
    </ClInclude>
    <ClInclude Include="include\Config\Version.hpp">
      <Filter>Header Files\Config</Filter>
    </ClInclude>
    <ClInclude Include="include\Config\WindowsConfig.hpp">
      <Filter>Header Files\Config</Filter>
    </ClInclude>
    <ClInclude Include="include\Config\Serializable.hpp">
      <Filter>Header Files\Config</Filter>
    </ClInclude>
    <ClInclude Include="include\Config\EnumMappings.h">
      <Filter>Header Files\Config</Filter>
    </ClInclude>
  </ItemGroup>
  <ItemGroup>
    <ClCompile Include="pch.cpp" />
    <ClCompile Include="src\config_legacy.cpp">
      <Filter>Source Files</Filter>
    </ClCompile>
    <ClCompile Include="src\dllmain.cpp">
      <Filter>Source Files</Filter>
    </ClCompile>
    <ClCompile Include="src\eos_helpers.cpp">
      <Filter>Source Files</Filter>
    </ClCompile>
    <ClCompile Include="src\eos_library_helpers.cpp">
      <Filter>Source Files</Filter>
    </ClCompile>
    <ClCompile Include="src\io_helpers.cpp">
      <Filter>Source Files</Filter>
    </ClCompile>
    <ClCompile Include="src\json_helpers.cpp">
      <Filter>Source Files</Filter>
    </ClCompile>
    <ClCompile Include="src\logging.cpp">
      <Filter>Source Files</Filter>
    </ClCompile>
    <ClCompile Include="src\string_helpers.cpp">
      <Filter>Source Files</Filter>
    </ClCompile>
    <ClCompile Include="src\config_legacy.cpp">
      <Filter>Source Files</Filter>
    </ClCompile>
    <ClCompile Include="src\Config\DLLWrapper.cpp">
      <Filter>Source Files\Config</Filter>
    </ClCompile>
    <ClCompile Include="src\Config\EOSWrapper.cpp">
      <Filter>Source Files\Config</Filter>
    </ClCompile>
  </ItemGroup>
  <ItemGroup>
    <None Include="packages.config" />
  </ItemGroup>
</Project>