<?xml version="1.0" encoding="utf-8"?>
<Project ToolsVersion="4.0" xmlns="http://schemas.microsoft.com/developer/msbuild/2003">
  <ItemGroup>
    <Filter Include="Source Files">
      <UniqueIdentifier>{4FC737F1-C7A5-4376-A066-2A32D752A2FF}</UniqueIdentifier>
      <Extensions>cpp;c;cc;cxx;def;odl;idl;hpj;bat;asm;asmx</Extensions>
    </Filter>
    <Filter Include="Header Files">
      <UniqueIdentifier>{93995380-89BD-4b04-88EB-625FBE52EBFB}</UniqueIdentifier>
      <Extensions>h;hh;hpp;hxx;hm;inl;inc;ipp;xsd</Extensions>
    </Filter>
    <Filter Include="Resource Files">
      <UniqueIdentifier>{67DA6AB6-F800-4c08-8B7A-83BB121AAD01}</UniqueIdentifier>
      <Extensions>rc;ico;cur;bmp;dlg;rc2;rct;bin;rgs;gif;jpg;jpeg;jpe;resx;tiff;tif;png;wav;mfcribbon-ms</Extensions>
    </Filter>
    <Filter Include="Header Files\Config">
      <UniqueIdentifier>{671bf193-3c16-4ad2-b7ac-71a64fa845a4}</UniqueIdentifier>
    </Filter>
    <Filter Include="Source Files\Config">
      <UniqueIdentifier>{4daa6b3d-6965-47a2-88a1-b0cf6a8c928f}</UniqueIdentifier>
    </Filter>
  </ItemGroup>
  <ItemGroup>
    <ClInclude Include="headers\eos_helpers.h">
      <Filter>Header Files</Filter>
    </ClInclude>
    <ClInclude Include="headers\eos_library_helpers.h">
      <Filter>Header Files</Filter>
    </ClInclude>
    <ClInclude Include="headers\eos_minimum_includes.h">
      <Filter>Header Files</Filter>
    </ClInclude>
    <ClInclude Include="headers\io_helpers.h">
      <Filter>Header Files</Filter>
    </ClInclude>
    <ClInclude Include="headers\json.h">
      <Filter>Header Files</Filter>
    </ClInclude>
    <ClInclude Include="headers\json_helpers.h">
      <Filter>Header Files</Filter>
    </ClInclude>
    <ClInclude Include="headers\logging.h">
      <Filter>Header Files</Filter>
    </ClInclude>
    <ClInclude Include="headers\string_helpers.h">
      <Filter>Header Files</Filter>
    </ClInclude>
    <ClInclude Include="pch.h" />
    <ClInclude Include="headers\config_legacy.h">
      <Filter>Header Files</Filter>
    </ClInclude>
    <ClInclude Include="headers\Config\ProductionEnvironments.hpp">
      <Filter>Header Files\Config</Filter>
    </ClInclude>
    <ClInclude Include="headers\Config\Serializable.h">
      <Filter>Header Files\Config</Filter>
    </ClInclude>
    <ClInclude Include="headers\Config\ClientCredentials.hpp">
      <Filter>Header Files\Config</Filter>
    </ClInclude>
    <ClInclude Include="headers\Config\Version.hpp">
      <Filter>Header Files\Config</Filter>
    </ClInclude>
    <ClInclude Include="headers\Config\ConfigBase.h">
      <Filter>Header Files\Config</Filter>
    </ClInclude>
    <ClInclude Include="headers\Config\common.hpp">
      <Filter>Header Files\Config</Filter>
    </ClInclude>
    <ClInclude Include="headers\Config\ProductConfig.h">
      <Filter>Header Files\Config</Filter>
    </ClInclude>
    <ClInclude Include="headers\Config\DLLWrapper.h">
      <Filter>Header Files\Config</Filter>
    </ClInclude>
    <ClInclude Include="headers\Config\WindowsConfig.h">
      <Filter>Header Files\Config</Filter>
    </ClInclude>
    <ClInclude Include="headers\Config\SteamConfig.h">
      <Filter>Header Files\Config</Filter>
    </ClInclude>
    <ClInclude Include="headers\Config\EOSWrapper.h">
      <Filter>Header Files\Config</Filter>
    </ClInclude>
    <ClInclude Include="headers\Config\nlohmann_helpers.hpp">
      <Filter>Header Files\Config</Filter>
    </ClInclude>
    <ClInclude Include="headers\Config\PlatformConfig.h">
      <Filter>Header Files\Config</Filter>
    </ClInclude>
    <ClInclude Include="headers\PEW_EOS_Defines.h">
      <Filter>Header Files</Filter>
    </ClInclude>
  </ItemGroup>
  <ItemGroup>
    <ClCompile Include="pch.cpp" />
    <ClCompile Include="src\dllmain.cpp">
      <Filter>Source Files</Filter>
    </ClCompile>
    <ClCompile Include="src\eos_helpers.cpp">
      <Filter>Source Files</Filter>
    </ClCompile>
    <ClCompile Include="src\eos_library_helpers.cpp">
      <Filter>Source Files</Filter>
    </ClCompile>
    <ClCompile Include="src\io_helpers.cpp">
      <Filter>Source Files</Filter>
    </ClCompile>
    <ClCompile Include="src\json_helpers.cpp">
      <Filter>Source Files</Filter>
    </ClCompile>
    <ClCompile Include="src\logging.cpp">
      <Filter>Source Files</Filter>
    </ClCompile>
    <ClCompile Include="src\string_helpers.cpp">
      <Filter>Source Files</Filter>
    </ClCompile>
    <ClCompile Include="src\config_legacy.cpp">
      <Filter>Source Files</Filter>
    </ClCompile>
    <ClCompile Include="src\Config\ConfigBase.cpp">
      <Filter>Source Files\Config</Filter>
    </ClCompile>
    <ClCompile Include="src\Config\DLLWrapper.cpp">
      <Filter>Source Files\Config</Filter>
    </ClCompile>
    <ClCompile Include="src\Config\ProductConfig.cpp">
      <Filter>Source Files\Config</Filter>
    </ClCompile>
    <ClCompile Include="src\Config\PlatformConfig.cpp">
      <Filter>Source Files\Config</Filter>
    </ClCompile>
    <ClCompile Include="src\Config\SteamConfig.cpp">
      <Filter>Source Files\Config</Filter>
    </ClCompile>
    <ClCompile Include="src\Config\EOSWrapper.cpp">
      <Filter>Source Files\Config</Filter>
    </ClCompile>
  </ItemGroup>
  <ItemGroup>
    <None Include="packages.config" />
  </ItemGroup>
</Project>